{
  "version": 4,
  "terraform_version": "1.1.6",
  "serial": 6,
  "lineage": "457cf968-de13-49c9-ee7b-d5ee17cf9fbc",
  "outputs": {
    "ip_address": {
      "value": "10.128.0.14",
      "type": "string"
    }
  },
  "resources": [
    {
      "mode": "managed",
      "type": "yandex_compute_instance",
      "name": "vm-1",
      "provider": "provider[\"registry.terraform.io/yandex-cloud/yandex\"]",
      "instances": [
        {
          "schema_version": 1,
          "attributes": {
            "allow_stopping_for_update": null,
            "boot_disk": [
              {
                "auto_delete": true,
                "device_name": "fhm6dphj2klek42kcb05",
                "disk_id": "fhm6dphj2klek42kcb05",
                "initialize_params": [
                  {
                    "block_size": 4096,
                    "description": "",
                    "image_id": "fd80qm01ah03dkqb14lc",
                    "name": "",
                    "size": 30,
                    "snapshot_id": "",
                    "type": "network-hdd"
                  }
                ],
                "mode": "READ_WRITE"
              }
            ],
            "created_at": "2022-02-19T20:14:02Z",
            "description": "",
            "folder_id": "b1gr4fhu1lstvqs3ad4l",
            "fqdn": "fhmnm65j89rc5ce3m9g4.auto.internal",
            "hostname": "fhmnm65j89rc5ce3m9g4",
            "id": "fhmnm65j89rc5ce3m9g4",
            "labels": null,
            "metadata": {
              "user-data": "#cloud-config\nusers:\n  - default\n  - name: jarservice\n    ssh-authorized-keys:\n      - \"ssh-rsa AAAAB3NzaC1yc2EAAAADAQABAAABgQDoheZmgk6D+UfcjhIEqKsDuX3BO8OyNvToK6VZYQ9xdTE4wSg26+w1QGIzx1/+tuNI2HTe/yNAhzSY8IXR9iMQnT+4dXgi5QApblExdprPm0HvK8L7ek6mxC/FtARt+/LhuzhG0l704ubbYsLkfD//YfpZbAMyFudLRZ/FoOP+Yr0XoEzicgHJbK5PbVuL9lotWkV2M8Pqoem3sI0W4iPsDbNSrhMw9FnGhUrXeq1wuwjgTnOMO6TfFGFV+azbJGTs5PH1MGp5FrNdM4A6CM6pysdqvt+7Gj6JmnQ5MxKY4MnPUwxSS71kovuIdohE1b7VXxiGr/Oc3r/PevyusFToyFLkYxkhN7NfbYOFtF+CXZcQHpMifnp2Hexpj2LLqborfZinuQFE4a0kZjRSxbU2G7H8QPkcBZDP13Qe7G287H57F1C+insl1ow+fDzcDpfnY93iULuTSt+wdJRL1a6BAE6DciTwRZbYKlYRF4FfndIVQ33Xg4vT/gyg5HeQSxs= jarservice@fhmo63o7r0gn5ic5mhos\"\n    groups: sudo\n    shell: /bin/bash\n    sudo: ['ALL=(ALL) NOPASSWD:ALL']\n  - name: ansible\n    ssh-authorized-keys:\n      - \"ssh-rsa AAAAB3NzaC1yc2EAAAADAQABAAABgQDoheZmgk6D+UfcjhIEqKsDuX3BO8OyNvToK6VZYQ9xdTE4wSg26+w1QGIzx1/+tuNI2HTe/yNAhzSY8IXR9iMQnT+4dXgi5QApblExdprPm0HvK8L7ek6mxC/FtARt+/LhuzhG0l704ubbYsLkfD//YfpZbAMyFudLRZ/FoOP+Yr0XoEzicgHJbK5PbVuL9lotWkV2M8Pqoem3sI0W4iPsDbNSrhMw9FnGhUrXeq1wuwjgTnOMO6TfFGFV+azbJGTs5PH1MGp5FrNdM4A6CM6pysdqvt+7Gj6JmnQ5MxKY4MnPUwxSS71kovuIdohE1b7VXxiGr/Oc3r/PevyusFToyFLkYxkhN7NfbYOFtF+CXZcQHpMifnp2Hexpj2LLqborfZinuQFE4a0kZjRSxbU2G7H8QPkcBZDP13Qe7G287H57F1C+insl1ow+fDzcDpfnY93iULuTSt+wdJRL1a6BAE6DciTwRZbYKlYRF4FfndIVQ33Xg4vT/gyg5HeQSxs= jarservice@fhmo63o7r0gn5ic5mhos\"\n    groups: sudo\n    shell: /bin/bash\n    sudo: ['ALL=(ALL) NOPASSWD:ALL']\nruncmd:\n - sudo groupadd ansible\n - sudo usermod -aG ansible ansible\n\n"
            },
            "name": "chapter5-lesson2-pavel-parshin",
            "network_acceleration_type": "standard",
            "network_interface": [
              {
                "dns_record": [],
                "index": 0,
                "ip_address": "10.128.0.14",
                "ipv4": true,
                "ipv6": false,
                "ipv6_address": "",
                "ipv6_dns_record": [],
                "mac_address": "d0:0d:17:b1:8b:34",
                "nat": false,
                "nat_dns_record": [],
                "nat_ip_address": "",
                "nat_ip_version": "",
                "security_group_ids": [],
                "subnet_id": "e9bmsiue0hk5kl2dou85"
              }
            ],
            "placement_policy": [
              {
                "placement_group_id": ""
              }
            ],
            "platform_id": "standard-v1",
            "resources": [
              {
                "core_fraction": 100,
                "cores": 2,
                "gpus": 0,
                "memory": 2
              }
            ],
            "scheduling_policy": [
              {
                "preemptible": false
              }
            ],
            "secondary_disk": [],
            "service_account_id": "",
            "status": "running",
            "timeouts": null,
            "zone": "ru-central1-a"
          },
          "sensitive_attributes": [],
          "private": "eyJlMmJmYjczMC1lY2FhLTExZTYtOGY4OC0zNDM2M2JjN2M0YzAiOnsiY3JlYXRlIjozMDAwMDAwMDAwMDAsImRlbGV0ZSI6MzAwMDAwMDAwMDAwLCJ1cGRhdGUiOjMwMDAwMDAwMDAwMH0sInNjaGVtYV92ZXJzaW9uIjoiMSJ9"
        }
      ]
    }
  ]
}
